// !$*UTF8*$!
{
	archiveVersion = 1;
	classes = {
	};
	objectVersion = 48;
	objects = {

/* Begin PBXBuildFile section */
		A06D4B8F1F8F6D7E00650D19 /* AppDelegate.swift in Sources */ = {isa = PBXBuildFile; fileRef = A06D4B8E1F8F6D7E00650D19 /* AppDelegate.swift */; };
		A06D4B911F8F6D7E00650D19 /* ViewController.swift in Sources */ = {isa = PBXBuildFile; fileRef = A06D4B901F8F6D7E00650D19 /* ViewController.swift */; };
		A06D4B941F8F6D7E00650D19 /* Main.storyboard in Resources */ = {isa = PBXBuildFile; fileRef = A06D4B921F8F6D7E00650D19 /* Main.storyboard */; };
		A06D4B961F8F6D7E00650D19 /* Assets.xcassets in Resources */ = {isa = PBXBuildFile; fileRef = A06D4B951F8F6D7E00650D19 /* Assets.xcassets */; };
		A06D4B991F8F6D7E00650D19 /* LaunchScreen.storyboard in Resources */ = {isa = PBXBuildFile; fileRef = A06D4B971F8F6D7E00650D19 /* LaunchScreen.storyboard */; };
/* End PBXBuildFile section */

/* Begin PBXFileReference section */
		A06D4B8B1F8F6D7E00650D19 /* ZJWNavTabBar.app */ = {isa = PBXFileReference; explicitFileType = wrapper.application; includeInIndex = 0; path = ZJWNavTabBar.app; sourceTree = BUILT_PRODUCTS_DIR; };
		A06D4B8E1F8F6D7E00650D19 /* AppDelegate.swift */ = {isa = PBXFileReference; lastKnownFileType = sourcecode.swift; path = AppDelegate.swift; sourceTree = "<group>"; };
		A06D4B901F8F6D7E00650D19 /* ViewController.swift */ = {isa = PBXFileReference; lastKnownFileType = sourcecode.swift; path = ViewController.swift; sourceTree = "<group>"; };
		A06D4B931F8F6D7E00650D19 /* Base */ = {isa = PBXFileReference; lastKnownFileType = file.storyboard; name = Base; path = Base.lproj/Main.storyboard; sourceTree = "<group>"; };
		A06D4B951F8F6D7E00650D19 /* Assets.xcassets */ = {isa = PBXFileReference; lastKnownFileType = folder.assetcatalog; path = Assets.xcassets; sourceTree = "<group>"; };
		A06D4B981F8F6D7E00650D19 /* Base */ = {isa = PBXFileReference; lastKnownFileType = file.storyboard; name = Base; path = Base.lproj/LaunchScreen.storyboard; sourceTree = "<group>"; };
		A06D4B9A1F8F6D7E00650D19 /* Info.plist */ = {isa = PBXFileReference; lastKnownFileType = text.plist.xml; path = Info.plist; sourceTree = "<group>"; };
/* End PBXFileReference section */

/* Begin PBXFrameworksBuildPhase section */
		A06D4B881F8F6D7E00650D19 /* Frameworks */ = {
			isa = PBXFrameworksBuildPhase;
			buildActionMask = 2147483647;
			files = (
			);
			runOnlyForDeploymentPostprocessing = 0;
		};
/* End PBXFrameworksBuildPhase section */

/* Begin PBXGroup section */
		A06D4B821F8F6D7E00650D19 = {
			isa = PBXGroup;
			children = (
				A06D4B8D1F8F6D7E00650D19 /* ZJWNavTabBar */,
				A06D4B8C1F8F6D7E00650D19 /* Products */,
			);
			sourceTree = "<group>";
		};
		A06D4B8C1F8F6D7E00650D19 /* Products */ = {
			isa = PBXGroup;
			children = (
				A06D4B8B1F8F6D7E00650D19 /* ZJWNavTabBar.app */,
			);
			name = Products;
			sourceTree = "<group>";
		};
		A06D4B8D1F8F6D7E00650D19 /* ZJWNavTabBar */ = {
			isa = PBXGroup;
			children = (
				A06D4B8E1F8F6D7E00650D19 /* AppDelegate.swift */,
				A06D4B901F8F6D7E00650D19 /* ViewController.swift */,
				A06D4B921F8F6D7E00650D19 /* Main.storyboard */,
				A06D4B951F8F6D7E00650D19 /* Assets.xcassets */,
				A06D4B971F8F6D7E00650D19 /* LaunchScreen.storyboard */,
				A06D4B9A1F8F6D7E00650D19 /* Info.plist */,
			);
			path = ZJWNavTabBar;
			sourceTree = "<group>";
		};
/* End PBXGroup section */

/* Begin PBXNativeTarget section */
		A06D4B8A1F8F6D7E00650D19 /* ZJWNavTabBar */ = {
			isa = PBXNativeTarget;
			buildConfigurationList = A06D4B9D1F8F6D7E00650D19 /* Build configuration list for PBXNativeTarget "ZJWNavTabBar" */;
			buildPhases = (
				A06D4B871F8F6D7E00650D19 /* Sources */,
				A06D4B881F8F6D7E00650D19 /* Frameworks */,
				A06D4B891F8F6D7E00650D19 /* Resources */,
			);
			buildRules = (
			);
			dependencies = (
			);
			name = ZJWNavTabBar;
			productName = ZJWNavTabBar;
			productReference = A06D4B8B1F8F6D7E00650D19 /* ZJWNavTabBar.app */;
			productType = "com.apple.product-type.application";
		};
/* End PBXNativeTarget section */

/* Begin PBXProject section */
		A06D4B831F8F6D7E00650D19 /* Project object */ = {
			isa = PBXProject;
			attributes = {
				LastSwiftUpdateCheck = 0900;
				LastUpgradeCheck = 0900;
				ORGANIZATIONNAME = "赵建卫";
				TargetAttributes = {
					A06D4B8A1F8F6D7E00650D19 = {
						CreatedOnToolsVersion = 9.0;
						ProvisioningStyle = Automatic;
					};
				};
			};
			buildConfigurationList = A06D4B861F8F6D7E00650D19 /* Build configuration list for PBXProject "ZJWNavTabBar" */;
			compatibilityVersion = "Xcode 8.0";
			developmentRegion = en;
			hasScannedForEncodings = 0;
			knownRegions = (
				en,
				Base,
			);
			mainGroup = A06D4B821F8F6D7E00650D19;
			productRefGroup = A06D4B8C1F8F6D7E00650D19 /* Products */;
			projectDirPath = "";
			projectRoot = "";
			targets = (
				A06D4B8A1F8F6D7E00650D19 /* ZJWNavTabBar */,
			);
		};
/* End PBXProject section */

/* Begin PBXResourcesBuildPhase section */
		A06D4B891F8F6D7E00650D19 /* Resources */ = {
			isa = PBXResourcesBuildPhase;
			buildActionMask = 2147483647;
			files = (
				A06D4B991F8F6D7E00650D19 /* LaunchScreen.storyboard in Resources */,
				A06D4B961F8F6D7E00650D19 /* Assets.xcassets in Resources */,
				A06D4B941F8F6D7E00650D19 /* Main.storyboard in Resources */,
			);
			runOnlyForDeploymentPostprocessing = 0;
		};
/* End PBXResourcesBuildPhase section */

/* Begin PBXSourcesBuildPhase section */
		A06D4B871F8F6D7E00650D19 /* Sources */ = {
			isa = PBXSourcesBuildPhase;
			buildActionMask = 2147483647;
			files = (
				A06D4B911F8F6D7E00650D19 /* ViewController.swift in Sources */,
				A06D4B8F1F8F6D7E00650D19 /* AppDelegate.swift in Sources */,
			);
			runOnlyForDeploymentPostprocessing = 0;
		};
/* End PBXSourcesBuildPhase section */

/* Begin PBXVariantGroup section */
		A06D4B921F8F6D7E00650D19 /* Main.storyboard */ = {
			isa = PBXVariantGroup;
			children = (
				A06D4B931F8F6D7E00650D19 /* Base */,
			);
			name = Main.storyboard;
			sourceTree = "<group>";
		};
		A06D4B971F8F6D7E00650D19 /* LaunchScreen.storyboard */ = {
			isa = PBXVariantGroup;
			children = (
				A06D4B981F8F6D7E00650D19 /* Base */,
			);
			name = LaunchScreen.storyboard;
			sourceTree = "<group>";
		};
/* End PBXVariantGroup section */

/* Begin XCBuildConfiguration section */
		A06D4B9B1F8F6D7E00650D19 /* Debug */ = {
			isa = XCBuildConfiguration;
			buildSettings = {
				ALWAYS_SEARCH_USER_PATHS = NO;
				CLANG_ANALYZER_NONNULL = YES;
				CLANG_ANALYZER_NUMBER_OBJECT_CONVERSION = YES_AGGRESSIVE;
				CLANG_CXX_LANGUAGE_STANDARD = "gnu++14";
				CLANG_CXX_LIBRARY = "libc++";
				CLANG_ENABLE_MODULES = YES;
				CLANG_ENABLE_OBJC_ARC = YES;
				CLANG_WARN_BLOCK_CAPTURE_AUTORELEASING = YES;
				CLANG_WARN_BOOL_CONVERSION = YES;
				CLANG_WARN_COMMA = YES;
				CLANG_WARN_CONSTANT_CONVERSION = YES;
				CLANG_WARN_DIRECT_OBJC_ISA_USAGE = YES_ERROR;
				CLANG_WARN_DOCUMENTATION_COMMENTS = YES;
				CLANG_WARN_EMPTY_BODY = YES;
				CLANG_WARN_ENUM_CONVERSION = YES;
				CLANG_WARN_INFINITE_RECURSION = YES;
				CLANG_WARN_INT_CONVERSION = YES;
				CLANG_WARN_NON_LITERAL_NULL_CONVERSION = YES;
				CLANG_WARN_OBJC_LITERAL_CONVERSION = YES;
				CLANG_WARN_OBJC_ROOT_CLASS = YES_ERROR;
				CLANG_WARN_RANGE_LOOP_ANALYSIS = YES;
				CLANG_WARN_STRICT_PROTOTYPES = YES;
				CLANG_WARN_SUSPICIOUS_MOVE = YES;
				CLANG_WARN_UNGUARDED_AVAILABILITY = YES_AGGRESSIVE;
				CLANG_WARN_UNREACHABLE_CODE = YES;
				CLANG_WARN__DUPLICATE_METHOD_MATCH = YES;
				CODE_SIGN_IDENTITY = "iPhone Developer";
				COPY_PHASE_STRIP = NO;
				DEBUG_INFORMATION_FORMAT = dwarf;
				ENABLE_STRICT_OBJC_MSGSEND = YES;
				ENABLE_TESTABILITY = YES;
				GCC_C_LANGUAGE_STANDARD = gnu11;
				GCC_DYNAMIC_NO_PIC = NO;
				GCC_NO_COMMON_BLOCKS = YES;
				GCC_OPTIMIZATION_LEVEL = 0;
				GCC_PREPROCESSOR_DEFINITIONS = (
					"DEBUG=1",
					"$(inherited)",
				);
				GCC_WARN_64_TO_32_BIT_CONVERSION = YES;
				GCC_WARN_ABOUT_RETURN_TYPE = YES_ERROR;
				GCC_WARN_UNDECLARED_SELECTOR = YES;
				GCC_WARN_UNINITIALIZED_AUTOS = YES_AGGRESSIVE;
				GCC_WARN_UNUSED_FUNCTION = YES;
				GCC_WARN_UNUSED_VARIABLE = YES;
				IPHONEOS_DEPLOYMENT_TARGET = 11.0;
				MTL_ENABLE_DEBUG_INFO = YES;
				ONLY_ACTIVE_ARCH = YES;
				SDKROOT = iphoneos;
				SWIFT_ACTIVE_COMPILATION_CONDITIONS = DEBUG;
				SWIFT_OPTIMIZATION_LEVEL = "-Onone";
			};
			name = Debug;
		};
		A06D4B9C1F8F6D7E00650D19 /* Release */ = {
			isa = XCBuildConfiguration;
			buildSettings = {
				ALWAYS_SEARCH_USER_PATHS = NO;
				CLANG_ANALYZER_NONNULL = YES;
				CLANG_ANALYZER_NUMBER_OBJECT_CONVERSION = YES_AGGRESSIVE;
				CLANG_CXX_LANGUAGE_STANDARD = "gnu++14";
				CLANG_CXX_LIBRARY = "libc++";
				CLANG_ENABLE_MODULES = YES;
				CLANG_ENABLE_OBJC_ARC = YES;
				CLANG_WARN_BLOCK_CAPTURE_AUTORELEASING = YES;
				CLANG_WARN_BOOL_CONVERSION = YES;
				CLANG_WARN_COMMA = YES;
				CLANG_WARN_CONSTANT_CONVERSION = YES;
				CLANG_WARN_DIRECT_OBJC_ISA_USAGE = YES_ERROR;
				CLANG_WARN_DOCUMENTATION_COMMENTS = YES;
				CLANG_WARN_EMPTY_BODY = YES;
				CLANG_WARN_ENUM_CONVERSION = YES;
				CLANG_WARN_INFINITE_RECURSION = YES;
				CLANG_WARN_INT_CONVERSION = YES;
				CLANG_WARN_NON_LITERAL_NULL_CONVERSION = YES;
				CLANG_WARN_OBJC_LITERAL_CONVERSION = YES;
				CLANG_WARN_OBJC_ROOT_CLASS = YES_ERROR;
				CLANG_WARN_RANGE_LOOP_ANALYSIS = YES;
				CLANG_WARN_STRICT_PROTOTYPES = YES;
				CLANG_WARN_SUSPICIOUS_MOVE = YES;
				CLANG_WARN_UNGUARDED_AVAILABILITY = YES_AGGRESSIVE;
				CLANG_WARN_UNREACHABLE_CODE = YES;
				CLANG_WARN__DUPLICATE_METHOD_MATCH = YES;
				CODE_SIGN_IDENTITY = "iPhone Developer";
				COPY_PHASE_STRIP = NO;
				DEBUG_INFORMATION_FORMAT = "dwarf-with-dsym";
				ENABLE_NS_ASSERTIONS = NO;
				ENABLE_STRICT_OBJC_MSGSEND = YES;
				GCC_C_LANGUAGE_STANDARD = gnu11;
				GCC_NO_COMMON_BLOCKS = YES;
				GCC_WARN_64_TO_32_BIT_CONVERSION = YES;
				GCC_WARN_ABOUT_RETURN_TYPE = YES_ERROR;
				GCC_WARN_UNDECLARED_SELECTOR = YES;
				GCC_WARN_UNINITIALIZED_AUTOS = YES_AGGRESSIVE;
				GCC_WARN_UNUSED_FUNCTION = YES;
				GCC_WARN_UNUSED_VARIABLE = YES;
				IPHONEOS_DEPLOYMENT_TARGET = 11.0;
				MTL_ENABLE_DEBUG_INFO = NO;
				SDKROOT = iphoneos;
				SWIFT_OPTIMIZATION_LEVEL = "-Owholemodule";
				VALIDATE_PRODUCT = YES;
			};
			name = Release;
		};
		A06D4B9E1F8F6D7E00650D19 /* Debug */ = {
			isa = XCBuildConfiguration;
			buildSettings = {
				ASSETCATALOG_COMPILER_APPICON_NAME = AppIcon;
				CODE_SIGN_STYLE = Automatic;
				INFOPLIST_FILE = ZJWNavTabBar/Info.plist;
				LD_RUNPATH_SEARCH_PATHS = "$(inherited) @executable_path/Frameworks";
				PRODUCT_BUNDLE_IDENTIFIER = com.zjw.ZJWNavTabBar;
				PRODUCT_NAME = "$(TARGET_NAME)";
				SWIFT_VERSION = 4.0;
				TARGETED_DEVICE_FAMILY = "1,2";
			};
			name = Debug;
		};
		A06D4B9F1F8F6D7E00650D19 /* Release */ = {
			isa = XCBuildConfiguration;
			buildSettings = {
				ASSETCATALOG_COMPILER_APPICON_NAME = AppIcon;
				CODE_SIGN_STYLE = Automatic;
				INFOPLIST_FILE = ZJWNavTabBar/Info.plist;
				LD_RUNPATH_SEARCH_PATHS = "$(inherited) @executable_path/Frameworks";
				PRODUCT_BUNDLE_IDENTIFIER = com.zjw.ZJWNavTabBar;
				PRODUCT_NAME = "$(TARGET_NAME)";
				SWIFT_VERSION = 4.0;
				TARGETED_DEVICE_FAMILY = "1,2";
			};
			name = Release;
		};
/* End XCBuildConfiguration section */

/* Begin XCConfigurationList section */
		A06D4B861F8F6D7E00650D19 /* Build configuration list for PBXProject "ZJWNavTabBar" */ = {
			isa = XCConfigurationList;
			buildConfigurations = (
				A06D4B9B1F8F6D7E00650D19 /* Debug */,
				A06D4B9C1F8F6D7E00650D19 /* Release */,
			);
			defaultConfigurationIsVisible = 0;
			defaultConfigurationName = Release;
		};
		A06D4B9D1F8F6D7E00650D19 /* Build configuration list for PBXNativeTarget "ZJWNavTabBar" */ = {
			isa = XCConfigurationList;
			buildConfigurations = (
				A06D4B9E1F8F6D7E00650D19 /* Debug */,
				A06D4B9F1F8F6D7E00650D19 /* Release */,
			);
			defaultConfigurationIsVisible = 0;
			defaultConfigurationName = Release;
		};
/* End XCConfigurationList section */
	};
	rootObject = A06D4B831F8F6D7E00650D19 /* Project object */;
}
